
Microsoft Visual Studio Solution File, Format Version 12.00
# Visual Studio Version 17
VisualStudioVersion = 17.14.36603.0 d17.14
MinimumVisualStudioVersion = 10.0.40219.1
Project("{FAE04EC0-301F-11D3-BF4B-00C04F79EFBC}") = "PixelBreak", "PixelBreak.csproj", "{3DC86ABA-5F3E-4A2E-8363-CD7C1AD4C745}"
EndProject
Global
	GlobalSection(SolutionConfigurationPlatforms) = preSolution
		Debug|Any CPU = Debug|Any CPU
		Release|Any CPU = Release|Any CPU
	EndGlobalSection
	GlobalSection(ProjectConfigurationPlatforms) = postSolution
		{3DC86ABA-5F3E-4A2E-8363-CD7C1AD4C745}.Debug|Any CPU.ActiveCfg = Debug|Any CPU
		{3DC86ABA-5F3E-4A2E-8363-CD7C1AD4C745}.Debug|Any CPU.Build.0 = Debug|Any CPU
		{3DC86ABA-5F3E-4A2E-8363-CD7C1AD4C745}.Release|Any CPU.ActiveCfg = Release|Any CPU
		{3DC86ABA-5F3E-4A2E-8363-CD7C1AD4C745}.Release|Any CPU.Build.0 = Release|Any CPU
	EndGlobalSection
	GlobalSection(SolutionProperties) = preSolution
		HideSolutionNode = FALSE
	EndGlobalSection
	GlobalSection(ExtensibilityGlobals) = postSolution
		SolutionGuid = {32A6D143-47F4-4610-83D8-0F8685B2B3D5}
	EndGlobalSection
EndGlobal
